
Microsoft Visual Studio Solution File, Format Version 12.00
# Visual Studio Version 16
VisualStudioVersion = 16.0.31729.503
MinimumVisualStudioVersion = 10.0.40219.1
Project("{FAE04EC0-301F-11D3-BF4B-00C04F79EFBC}") = "ConsoleApp1", "ConsoleApp1\ConsoleApp1.csproj", "{0CD6E6CE-2BA5-495A-A4BA-3AB7734F67DC}"
EndProject
Global
	GlobalSection(SolutionConfigurationPlatforms) = preSolution
		Debug|Any CPU = Debug|Any CPU
		Release|Any CPU = Release|Any CPU
	EndGlobalSection
	GlobalSection(ProjectConfigurationPlatforms) = postSolution
		{0CD6E6CE-2BA5-495A-A4BA-3AB7734F67DC}.Debug|Any CPU.ActiveCfg = Debug|Any CPU
		{0CD6E6CE-2BA5-495A-A4BA-3AB7734F67DC}.Debug|Any CPU.Build.0 = Debug|Any CPU
		{0CD6E6CE-2BA5-495A-A4BA-3AB7734F67DC}.Release|Any CPU.ActiveCfg = Release|Any CPU
		{0CD6E6CE-2BA5-495A-A4BA-3AB7734F67DC}.Release|Any CPU.Build.0 = Release|Any CPU
	EndGlobalSection
	GlobalSection(SolutionProperties) = preSolution
		HideSolutionNode = FALSE
	EndGlobalSection
	GlobalSection(ExtensibilityGlobals) = postSolution
		SolutionGuid = {E799AA07-FA73-47E5-92B9-F49FBB7812B8}
	EndGlobalSection
EndGlobal
